// !$*UTF8*$!
{
	archiveVersion = 1;
	classes = {
	};
	objectVersion = 46;
	objects = {

/* Begin PBXBuildFile section */
		8889662E2005F7A500FD3139 /* LinkList.c in Sources */ = {isa = PBXBuildFile; fileRef = 8889662C2005F7A500FD3139 /* LinkList.c */; };
		8889663220061FB600FD3139 /* DDLinklist.c in Sources */ = {isa = PBXBuildFile; fileRef = 8889663020061FB600FD3139 /* DDLinklist.c */; };
		88DD3FB82003B74C00255F45 /* main.c in Sources */ = {isa = PBXBuildFile; fileRef = 88DD3FB72003B74C00255F45 /* main.c */; };
		88DD3FC02003B85D00255F45 /* OrderList.c in Sources */ = {isa = PBXBuildFile; fileRef = 88DD3FBE2003B85D00255F45 /* OrderList.c */; };
/* End PBXBuildFile section */

/* Begin PBXCopyFilesBuildPhase section */
		88DD3FB22003B74C00255F45 /* CopyFiles */ = {
			isa = PBXCopyFilesBuildPhase;
			buildActionMask = 2147483647;
			dstPath = /usr/share/man/man1/;
			dstSubfolderSpec = 0;
			files = (
			);
			runOnlyForDeploymentPostprocessing = 1;
		};
/* End PBXCopyFilesBuildPhase section */

/* Begin PBXFileReference section */
		8889662C2005F7A500FD3139 /* LinkList.c */ = {isa = PBXFileReference; fileEncoding = 4; lastKnownFileType = sourcecode.c.c; path = LinkList.c; sourceTree = "<group>"; };
		8889662D2005F7A500FD3139 /* LinkList.h */ = {isa = PBXFileReference; fileEncoding = 4; lastKnownFileType = sourcecode.c.h; path = LinkList.h; sourceTree = "<group>"; };
		8889663020061FB600FD3139 /* DDLinklist.c */ = {isa = PBXFileReference; fileEncoding = 4; lastKnownFileType = sourcecode.c.c; path = DDLinklist.c; sourceTree = "<group>"; };
		8889663120061FB600FD3139 /* DDLinklist.h */ = {isa = PBXFileReference; fileEncoding = 4; lastKnownFileType = sourcecode.c.h; path = DDLinklist.h; sourceTree = "<group>"; };
		88DD3FB42003B74C00255F45 /* LinkList */ = {isa = PBXFileReference; explicitFileType = "compiled.mach-o.executable"; includeInIndex = 0; path = LinkList; sourceTree = BUILT_PRODUCTS_DIR; };
		88DD3FB72003B74C00255F45 /* main.c */ = {isa = PBXFileReference; lastKnownFileType = sourcecode.c.c; path = main.c; sourceTree = "<group>"; };
		88DD3FBE2003B85D00255F45 /* OrderList.c */ = {isa = PBXFileReference; fileEncoding = 4; lastKnownFileType = sourcecode.c.c; path = OrderList.c; sourceTree = "<group>"; };
		88DD3FBF2003B85D00255F45 /* OrderList.h */ = {isa = PBXFileReference; fileEncoding = 4; lastKnownFileType = sourcecode.c.h; path = OrderList.h; sourceTree = "<group>"; };
/* End PBXFileReference section */

/* Begin PBXFrameworksBuildPhase section */
		88DD3FB12003B74C00255F45 /* Frameworks */ = {
			isa = PBXFrameworksBuildPhase;
			buildActionMask = 2147483647;
			files = (
			);
			runOnlyForDeploymentPostprocessing = 0;
		};
/* End PBXFrameworksBuildPhase section */

/* Begin PBXGroup section */
		8889662A2005F77400FD3139 /* 顺序表 */ = {
			isa = PBXGroup;
			children = (
				88DD3FBE2003B85D00255F45 /* OrderList.c */,
				88DD3FBF2003B85D00255F45 /* OrderList.h */,
			);
			name = "顺序表";
			sourceTree = "<group>";
		};
		8889662B2005F78C00FD3139 /* 链表 */ = {
			isa = PBXGroup;
			children = (
				8889662C2005F7A500FD3139 /* LinkList.c */,
				8889662D2005F7A500FD3139 /* LinkList.h */,
			);
			name = "链表";
			sourceTree = "<group>";
		};
		8889662F20061F9D00FD3139 /* 双向链表 */ = {
			isa = PBXGroup;
			children = (
				8889663020061FB600FD3139 /* DDLinklist.c */,
				8889663120061FB600FD3139 /* DDLinklist.h */,
			);
			name = "双向链表";
			sourceTree = "<group>";
		};
		88DD3FAB2003B74C00255F45 = {
			isa = PBXGroup;
			children = (
				88DD3FB62003B74C00255F45 /* LinkList */,
				88DD3FB52003B74C00255F45 /* Products */,
			);
			sourceTree = "<group>";
		};
		88DD3FB52003B74C00255F45 /* Products */ = {
			isa = PBXGroup;
			children = (
				88DD3FB42003B74C00255F45 /* LinkList */,
			);
			name = Products;
			sourceTree = "<group>";
		};
		88DD3FB62003B74C00255F45 /* LinkList */ = {
			isa = PBXGroup;
			children = (
				8889662F20061F9D00FD3139 /* 双向链表 */,
				8889662B2005F78C00FD3139 /* 链表 */,
				8889662A2005F77400FD3139 /* 顺序表 */,
				88DD3FB72003B74C00255F45 /* main.c */,
			);
			path = LinkList;
			sourceTree = "<group>";
		};
/* End PBXGroup section */

/* Begin PBXNativeTarget section */
		88DD3FB32003B74C00255F45 /* LinkList */ = {
			isa = PBXNativeTarget;
			buildConfigurationList = 88DD3FBB2003B74C00255F45 /* Build configuration list for PBXNativeTarget "LinkList" */;
			buildPhases = (
				88DD3FB02003B74C00255F45 /* Sources */,
				88DD3FB12003B74C00255F45 /* Frameworks */,
				88DD3FB22003B74C00255F45 /* CopyFiles */,
			);
			buildRules = (
			);
			dependencies = (
			);
			name = LinkList;
			productName = LinkList;
			productReference = 88DD3FB42003B74C00255F45 /* LinkList */;
			productType = "com.apple.product-type.tool";
		};
/* End PBXNativeTarget section */

/* Begin PBXProject section */
		88DD3FAC2003B74C00255F45 /* Project object */ = {
			isa = PBXProject;
			attributes = {
				LastUpgradeCheck = 0820;
				ORGANIZATIONNAME = Holmes;
				TargetAttributes = {
					88DD3FB32003B74C00255F45 = {
						CreatedOnToolsVersion = 8.2.1;
						DevelopmentTeam = 27G2F2V2XA;
						ProvisioningStyle = Automatic;
					};
				};
			};
			buildConfigurationList = 88DD3FAF2003B74C00255F45 /* Build configuration list for PBXProject "LinkList" */;
			compatibilityVersion = "Xcode 3.2";
			developmentRegion = English;
			hasScannedForEncodings = 0;
			knownRegions = (
				en,
			);
			mainGroup = 88DD3FAB2003B74C00255F45;
			productRefGroup = 88DD3FB52003B74C00255F45 /* Products */;
			projectDirPath = "";
			projectRoot = "";
			targets = (
				88DD3FB32003B74C00255F45 /* LinkList */,
			);
		};
/* End PBXProject section */

/* Begin PBXSourcesBuildPhase section */
		88DD3FB02003B74C00255F45 /* Sources */ = {
			isa = PBXSourcesBuildPhase;
			buildActionMask = 2147483647;
			files = (
				88DD3FC02003B85D00255F45 /* OrderList.c in Sources */,
				8889662E2005F7A500FD3139 /* LinkList.c in Sources */,
				88DD3FB82003B74C00255F45 /* main.c in Sources */,
				8889663220061FB600FD3139 /* DDLinklist.c in Sources */,
			);
			runOnlyForDeploymentPostprocessing = 0;
		};
/* End PBXSourcesBuildPhase section */

/* Begin XCBuildConfiguration section */
		88DD3FB92003B74C00255F45 /* Debug */ = {
			isa = XCBuildConfiguration;
			buildSettings = {
				ALWAYS_SEARCH_USER_PATHS = NO;
				CLANG_ANALYZER_NONNULL = YES;
				CLANG_CXX_LANGUAGE_STANDARD = "gnu++0x";
				CLANG_CXX_LIBRARY = "libc++";
				CLANG_ENABLE_MODULES = YES;
				CLANG_ENABLE_OBJC_ARC = YES;
				CLANG_WARN_BOOL_CONVERSION = YES;
				CLANG_WARN_CONSTANT_CONVERSION = YES;
				CLANG_WARN_DIRECT_OBJC_ISA_USAGE = YES_ERROR;
				CLANG_WARN_DOCUMENTATION_COMMENTS = YES;
				CLANG_WARN_EMPTY_BODY = YES;
				CLANG_WARN_ENUM_CONVERSION = YES;
				CLANG_WARN_INFINITE_RECURSION = YES;
				CLANG_WARN_INT_CONVERSION = YES;
				CLANG_WARN_OBJC_ROOT_CLASS = YES_ERROR;
				CLANG_WARN_SUSPICIOUS_MOVE = YES;
				CLANG_WARN_UNREACHABLE_CODE = YES;
				CLANG_WARN__DUPLICATE_METHOD_MATCH = YES;
				CODE_SIGN_IDENTITY = "-";
				COPY_PHASE_STRIP = NO;
				DEBUG_INFORMATION_FORMAT = dwarf;
				ENABLE_STRICT_OBJC_MSGSEND = YES;
				ENABLE_TESTABILITY = YES;
				GCC_C_LANGUAGE_STANDARD = gnu99;
				GCC_DYNAMIC_NO_PIC = NO;
				GCC_NO_COMMON_BLOCKS = YES;
				GCC_OPTIMIZATION_LEVEL = 0;
				GCC_PREPROCESSOR_DEFINITIONS = (
					"DEBUG=1",
					"$(inherited)",
				);
				GCC_WARN_64_TO_32_BIT_CONVERSION = YES;
				GCC_WARN_ABOUT_RETURN_TYPE = YES_ERROR;
				GCC_WARN_UNDECLARED_SELECTOR = YES;
				GCC_WARN_UNINITIALIZED_AUTOS = YES_AGGRESSIVE;
				GCC_WARN_UNUSED_FUNCTION = YES;
				GCC_WARN_UNUSED_VARIABLE = YES;
				MACOSX_DEPLOYMENT_TARGET = 10.12;
				MTL_ENABLE_DEBUG_INFO = YES;
				ONLY_ACTIVE_ARCH = YES;
				SDKROOT = macosx;
			};
			name = Debug;
		};
		88DD3FBA2003B74C00255F45 /* Release */ = {
			isa = XCBuildConfiguration;
			buildSettings = {
				ALWAYS_SEARCH_USER_PATHS = NO;
				CLANG_ANALYZER_NONNULL = YES;
				CLANG_CXX_LANGUAGE_STANDARD = "gnu++0x";
				CLANG_CXX_LIBRARY = "libc++";
				CLANG_ENABLE_MODULES = YES;
				CLANG_ENABLE_OBJC_ARC = YES;
				CLANG_WARN_BOOL_CONVERSION = YES;
				CLANG_WARN_CONSTANT_CONVERSION = YES;
				CLANG_WARN_DIRECT_OBJC_ISA_USAGE = YES_ERROR;
				CLANG_WARN_DOCUMENTATION_COMMENTS = YES;
				CLANG_WARN_EMPTY_BODY = YES;
				CLANG_WARN_ENUM_CONVERSION = YES;
				CLANG_WARN_INFINITE_RECURSION = YES;
				CLANG_WARN_INT_CONVERSION = YES;
				CLANG_WARN_OBJC_ROOT_CLASS = YES_ERROR;
				CLANG_WARN_SUSPICIOUS_MOVE = YES;
				CLANG_WARN_UNREACHABLE_CODE = YES;
				CLANG_WARN__DUPLICATE_METHOD_MATCH = YES;
				CODE_SIGN_IDENTITY = "-";
				COPY_PHASE_STRIP = NO;
				DEBUG_INFORMATION_FORMAT = "dwarf-with-dsym";
				ENABLE_NS_ASSERTIONS = NO;
				ENABLE_STRICT_OBJC_MSGSEND = YES;
				GCC_C_LANGUAGE_STANDARD = gnu99;
				GCC_NO_COMMON_BLOCKS = YES;
				GCC_WARN_64_TO_32_BIT_CONVERSION = YES;
				GCC_WARN_ABOUT_RETURN_TYPE = YES_ERROR;
				GCC_WARN_UNDECLARED_SELECTOR = YES;
				GCC_WARN_UNINITIALIZED_AUTOS = YES_AGGRESSIVE;
				GCC_WARN_UNUSED_FUNCTION = YES;
				GCC_WARN_UNUSED_VARIABLE = YES;
				MACOSX_DEPLOYMENT_TARGET = 10.12;
				MTL_ENABLE_DEBUG_INFO = NO;
				SDKROOT = macosx;
			};
			name = Release;
		};
		88DD3FBC2003B74C00255F45 /* Debug */ = {
			isa = XCBuildConfiguration;
			buildSettings = {
				DEVELOPMENT_TEAM = 27G2F2V2XA;
				PRODUCT_NAME = "$(TARGET_NAME)";
			};
			name = Debug;
		};
		88DD3FBD2003B74C00255F45 /* Release */ = {
			isa = XCBuildConfiguration;
			buildSettings = {
				DEVELOPMENT_TEAM = 27G2F2V2XA;
				PRODUCT_NAME = "$(TARGET_NAME)";
			};
			name = Release;
		};
/* End XCBuildConfiguration section */

/* Begin XCConfigurationList section */
		88DD3FAF2003B74C00255F45 /* Build configuration list for PBXProject "LinkList" */ = {
			isa = XCConfigurationList;
			buildConfigurations = (
				88DD3FB92003B74C00255F45 /* Debug */,
				88DD3FBA2003B74C00255F45 /* Release */,
			);
			defaultConfigurationIsVisible = 0;
			defaultConfigurationName = Release;
		};
		88DD3FBB2003B74C00255F45 /* Build configuration list for PBXNativeTarget "LinkList" */ = {
			isa = XCConfigurationList;
			buildConfigurations = (
				88DD3FBC2003B74C00255F45 /* Debug */,
				88DD3FBD2003B74C00255F45 /* Release */,
			);
			defaultConfigurationIsVisible = 0;
			defaultConfigurationName = Release;
		};
/* End XCConfigurationList section */
	};
	rootObject = 88DD3FAC2003B74C00255F45 /* Project object */;
}
